
Microsoft Visual Studio Solution File, Format Version 12.00
# Visual Studio Version 17
VisualStudioVersion = 17.1.32228.430
MinimumVisualStudioVersion = 10.0.40219.1
Project("{FAE04EC0-301F-11D3-BF4B-00C04F79EFBC}") = "UploadImageWebApi", "UploadImageWebApi\UploadImageWebApi.csproj", "{006AE19B-124E-4130-8B0B-6F51083B6D10}"
EndProject
Global
	GlobalSection(SolutionConfigurationPlatforms) = preSolution
		Debug|Any CPU = Debug|Any CPU
		Release|Any CPU = Release|Any CPU
	EndGlobalSection
	GlobalSection(ProjectConfigurationPlatforms) = postSolution
		{006AE19B-124E-4130-8B0B-6F51083B6D10}.Debug|Any CPU.ActiveCfg = Debug|Any CPU
		{006AE19B-124E-4130-8B0B-6F51083B6D10}.Debug|Any CPU.Build.0 = Debug|Any CPU
		{006AE19B-124E-4130-8B0B-6F51083B6D10}.Release|Any CPU.ActiveCfg = Release|Any CPU
		{006AE19B-124E-4130-8B0B-6F51083B6D10}.Release|Any CPU.Build.0 = Release|Any CPU
	EndGlobalSection
	GlobalSection(SolutionProperties) = preSolution
		HideSolutionNode = FALSE
	EndGlobalSection
	GlobalSection(ExtensibilityGlobals) = postSolution
		SolutionGuid = {4FBEA080-297E-4492-81F9-7EBDF656E4B7}
	EndGlobalSection
EndGlobal
