
Microsoft Visual Studio Solution File, Format Version 12.00
# Visual Studio Version 17
VisualStudioVersion = 17.1.32210.238
MinimumVisualStudioVersion = 10.0.40219.1
Project("{FAE04EC0-301F-11D3-BF4B-00C04F79EFBC}") = "MVCAuthentication(9march)", "MVCAuthentication(9march)\MVCAuthentication(9march).csproj", "{AD5EFA44-6C87-472B-A160-3AA2A48EDB8E}"
EndProject
Global
	GlobalSection(SolutionConfigurationPlatforms) = preSolution
		Debug|Any CPU = Debug|Any CPU
		Release|Any CPU = Release|Any CPU
	EndGlobalSection
	GlobalSection(ProjectConfigurationPlatforms) = postSolution
		{AD5EFA44-6C87-472B-A160-3AA2A48EDB8E}.Debug|Any CPU.ActiveCfg = Debug|Any CPU
		{AD5EFA44-6C87-472B-A160-3AA2A48EDB8E}.Debug|Any CPU.Build.0 = Debug|Any CPU
		{AD5EFA44-6C87-472B-A160-3AA2A48EDB8E}.Release|Any CPU.ActiveCfg = Release|Any CPU
		{AD5EFA44-6C87-472B-A160-3AA2A48EDB8E}.Release|Any CPU.Build.0 = Release|Any CPU
	EndGlobalSection
	GlobalSection(SolutionProperties) = preSolution
		HideSolutionNode = FALSE
	EndGlobalSection
	GlobalSection(ExtensibilityGlobals) = postSolution
		SolutionGuid = {7E99111D-F3DF-401F-A146-3A9437A8BD1D}
	EndGlobalSection
EndGlobal
