
Microsoft Visual Studio Solution File, Format Version 12.00
# Visual Studio Version 17
VisualStudioVersion = 17.1.32319.34
MinimumVisualStudioVersion = 10.0.40219.1
Project("{FAE04EC0-301F-11D3-BF4B-00C04F79EFBC}") = "DotvvmApplication1", "DotvvmApplication1.csproj", "{282CE295-2EC6-4A2D-AAE8-D51D9577C541}"
EndProject
Global
	GlobalSection(SolutionConfigurationPlatforms) = preSolution
		Debug|Any CPU = Debug|Any CPU
		Release|Any CPU = Release|Any CPU
	EndGlobalSection
	GlobalSection(ProjectConfigurationPlatforms) = postSolution
		{282CE295-2EC6-4A2D-AAE8-D51D9577C541}.Debug|Any CPU.ActiveCfg = Debug|Any CPU
		{282CE295-2EC6-4A2D-AAE8-D51D9577C541}.Debug|Any CPU.Build.0 = Debug|Any CPU
		{282CE295-2EC6-4A2D-AAE8-D51D9577C541}.Release|Any CPU.ActiveCfg = Release|Any CPU
		{282CE295-2EC6-4A2D-AAE8-D51D9577C541}.Release|Any CPU.Build.0 = Release|Any CPU
	EndGlobalSection
	GlobalSection(SolutionProperties) = preSolution
		HideSolutionNode = FALSE
	EndGlobalSection
	GlobalSection(ExtensibilityGlobals) = postSolution
		SolutionGuid = {67C41FCC-1347-47E3-935F-CDA24E0B22DD}
	EndGlobalSection
EndGlobal
