
Microsoft Visual Studio Solution File, Format Version 12.00
# Visual Studio Version 17
VisualStudioVersion = 17.1.32228.430
MinimumVisualStudioVersion = 10.0.40219.1
Project("{FAE04EC0-301F-11D3-BF4B-00C04F79EFBC}") = "DotvvmApplication1", "DotvvmApplication1\DotvvmApplication1.csproj", "{B06416CA-52F9-43C3-8903-1A150454A61F}"
EndProject
Global
	GlobalSection(SolutionConfigurationPlatforms) = preSolution
		Debug|Any CPU = Debug|Any CPU
		Release|Any CPU = Release|Any CPU
	EndGlobalSection
	GlobalSection(ProjectConfigurationPlatforms) = postSolution
		{B06416CA-52F9-43C3-8903-1A150454A61F}.Debug|Any CPU.ActiveCfg = Debug|Any CPU
		{B06416CA-52F9-43C3-8903-1A150454A61F}.Debug|Any CPU.Build.0 = Debug|Any CPU
		{B06416CA-52F9-43C3-8903-1A150454A61F}.Release|Any CPU.ActiveCfg = Release|Any CPU
		{B06416CA-52F9-43C3-8903-1A150454A61F}.Release|Any CPU.Build.0 = Release|Any CPU
	EndGlobalSection
	GlobalSection(SolutionProperties) = preSolution
		HideSolutionNode = FALSE
	EndGlobalSection
	GlobalSection(ExtensibilityGlobals) = postSolution
		SolutionGuid = {461C855D-C42E-4B61-8E02-3F90C70D07D9}
	EndGlobalSection
EndGlobal
