
Microsoft Visual Studio Solution File, Format Version 12.00
# Visual Studio Version 17
VisualStudioVersion = 17.1.32210.238
MinimumVisualStudioVersion = 10.0.40219.1
Project("{FAE04EC0-301F-11D3-BF4B-00C04F79EFBC}") = "code4", "code4\code4.csproj", "{379AABB6-5FC0-4DCA-AF32-6B853D7980D0}"
EndProject
Global
	GlobalSection(SolutionConfigurationPlatforms) = preSolution
		Debug|Any CPU = Debug|Any CPU
		Release|Any CPU = Release|Any CPU
	EndGlobalSection
	GlobalSection(ProjectConfigurationPlatforms) = postSolution
		{379AABB6-5FC0-4DCA-AF32-6B853D7980D0}.Debug|Any CPU.ActiveCfg = Debug|Any CPU
		{379AABB6-5FC0-4DCA-AF32-6B853D7980D0}.Debug|Any CPU.Build.0 = Debug|Any CPU
		{379AABB6-5FC0-4DCA-AF32-6B853D7980D0}.Release|Any CPU.ActiveCfg = Release|Any CPU
		{379AABB6-5FC0-4DCA-AF32-6B853D7980D0}.Release|Any CPU.Build.0 = Release|Any CPU
	EndGlobalSection
	GlobalSection(SolutionProperties) = preSolution
		HideSolutionNode = FALSE
	EndGlobalSection
	GlobalSection(ExtensibilityGlobals) = postSolution
		SolutionGuid = {B12A11C1-64DE-46A5-B16C-9A4D0FB8383C}
	EndGlobalSection
EndGlobal
