
Microsoft Visual Studio Solution File, Format Version 12.00
# Visual Studio Version 17
VisualStudioVersion = 17.1.32210.238
MinimumVisualStudioVersion = 10.0.40219.1
Project("{FAE04EC0-301F-11D3-BF4B-00C04F79EFBC}") = "PatternApp", "PatternApp.csproj", "{211A78F3-2A34-40F6-9D6F-B42E369EBBFE}"
EndProject
Global
	GlobalSection(SolutionConfigurationPlatforms) = preSolution
		Debug|Any CPU = Debug|Any CPU
		Release|Any CPU = Release|Any CPU
	EndGlobalSection
	GlobalSection(ProjectConfigurationPlatforms) = postSolution
		{211A78F3-2A34-40F6-9D6F-B42E369EBBFE}.Debug|Any CPU.ActiveCfg = Debug|Any CPU
		{211A78F3-2A34-40F6-9D6F-B42E369EBBFE}.Debug|Any CPU.Build.0 = Debug|Any CPU
		{211A78F3-2A34-40F6-9D6F-B42E369EBBFE}.Release|Any CPU.ActiveCfg = Release|Any CPU
		{211A78F3-2A34-40F6-9D6F-B42E369EBBFE}.Release|Any CPU.Build.0 = Release|Any CPU
	EndGlobalSection
	GlobalSection(SolutionProperties) = preSolution
		HideSolutionNode = FALSE
	EndGlobalSection
	GlobalSection(ExtensibilityGlobals) = postSolution
		SolutionGuid = {E0E0960F-EF3C-46DD-8402-69E36162EA2C}
	EndGlobalSection
EndGlobal
