
Microsoft Visual Studio Solution File, Format Version 12.00
# Visual Studio Version 17
VisualStudioVersion = 17.1.32210.238
MinimumVisualStudioVersion = 10.0.40219.1
Project("{FAE04EC0-301F-11D3-BF4B-00C04F79EFBC}") = "MvcAuthentication", "MvcAuthentication.csproj", "{22037028-D84D-4CB2-A3A0-202C45D002C4}"
EndProject
Global
	GlobalSection(SolutionConfigurationPlatforms) = preSolution
		Debug|Any CPU = Debug|Any CPU
		Release|Any CPU = Release|Any CPU
	EndGlobalSection
	GlobalSection(ProjectConfigurationPlatforms) = postSolution
		{22037028-D84D-4CB2-A3A0-202C45D002C4}.Debug|Any CPU.ActiveCfg = Debug|Any CPU
		{22037028-D84D-4CB2-A3A0-202C45D002C4}.Debug|Any CPU.Build.0 = Debug|Any CPU
		{22037028-D84D-4CB2-A3A0-202C45D002C4}.Release|Any CPU.ActiveCfg = Release|Any CPU
		{22037028-D84D-4CB2-A3A0-202C45D002C4}.Release|Any CPU.Build.0 = Release|Any CPU
	EndGlobalSection
	GlobalSection(SolutionProperties) = preSolution
		HideSolutionNode = FALSE
	EndGlobalSection
	GlobalSection(ExtensibilityGlobals) = postSolution
		SolutionGuid = {854A13BE-C084-4C58-AAF6-D567C253D49F}
	EndGlobalSection
EndGlobal
